
Microsoft Visual Studio Solution File, Format Version 12.00
# Visual Studio Version 16
VisualStudioVersion = 16.0.28917.181
MinimumVisualStudioVersion = 10.0.40219.1
Project("{FAE04EC0-301F-11D3-BF4B-00C04F79EFBC}") = "NZGD_to_WGS84", "NZGD_to_WGS84\NZGD_to_WGS84.csproj", "{B80266D6-028C-4B83-96BB-A1B580848555}"
EndProject
Global
	GlobalSection(SolutionConfigurationPlatforms) = preSolution
		Debug|Any CPU = Debug|Any CPU
		Release|Any CPU = Release|Any CPU
	EndGlobalSection
	GlobalSection(ProjectConfigurationPlatforms) = postSolution
		{B80266D6-028C-4B83-96BB-A1B580848555}.Debug|Any CPU.ActiveCfg = Debug|Any CPU
		{B80266D6-028C-4B83-96BB-A1B580848555}.Debug|Any CPU.Build.0 = Debug|Any CPU
		{B80266D6-028C-4B83-96BB-A1B580848555}.Release|Any CPU.ActiveCfg = Release|Any CPU
		{B80266D6-028C-4B83-96BB-A1B580848555}.Release|Any CPU.Build.0 = Release|Any CPU
	EndGlobalSection
	GlobalSection(SolutionProperties) = preSolution
		HideSolutionNode = FALSE
	EndGlobalSection
	GlobalSection(ExtensibilityGlobals) = postSolution
		SolutionGuid = {3FA12C70-FB15-4649-B411-89F82E01DE72}
	EndGlobalSection
EndGlobal
